// !$*UTF8*$!
{
	archiveVersion = 1;
	classes = {
	};
	objectVersion = 52;
	objects = {

/* Begin PBXBuildFile section */
		0C9538D2AC0D632CDE0B460E /* Main.storyboard in Resources */ = {isa = PBXBuildFile; fileRef = 4035A09DE6F45FB449F3D8C4 /* Main.storyboard */; };
		436D50CC07CE6434587F047D /* AppDelegate.swift in Sources */ = {isa = PBXBuildFile; fileRef = 4FECC7BC8CCDA06406762ADF /* AppDelegate.swift */; };
		6AAFB54E9B921A1C9B565F95 /* Alamofire in Frameworks */ = {isa = PBXBuildFile; productRef = 37030206393F4FBB695919F9 /* Alamofire */; };
		81A69188187461F619DFCA91 /* Assets.xcassets in Resources */ = {isa = PBXBuildFile; fileRef = C083CF1921ED3F24E894B430 /* Assets.xcassets */; };
		A89815BEDD0A6B07A1512046 /* ViewController.swift in Sources */ = {isa = PBXBuildFile; fileRef = 69FDFB2D2676BE31498E1AF1 /* ViewController.swift */; };
		AC5B3DC29F51793A673D237F /* SceneDelegate.swift in Sources */ = {isa = PBXBuildFile; fileRef = 56F8F155F9DC06E3E097E9B0 /* SceneDelegate.swift */; };
		D3C92555EEF336B21B0F689F /* LaunchScreen.storyboard in Resources */ = {isa = PBXBuildFile; fileRef = EFB5E2EBCD7BFC05BD8D4611 /* LaunchScreen.storyboard */; };
/* End PBXBuildFile section */

/* Begin PBXFileReference section */
		0A87547625C1408CF1ECF32E /* Info.plist */ = {isa = PBXFileReference; lastKnownFileType = text.plist; path = Info.plist; sourceTree = "<group>"; };
		4FECC7BC8CCDA06406762ADF /* AppDelegate.swift */ = {isa = PBXFileReference; lastKnownFileType = sourcecode.swift; path = AppDelegate.swift; sourceTree = "<group>"; };
		56F8F155F9DC06E3E097E9B0 /* SceneDelegate.swift */ = {isa = PBXFileReference; lastKnownFileType = sourcecode.swift; path = SceneDelegate.swift; sourceTree = "<group>"; };
		69FDFB2D2676BE31498E1AF1 /* ViewController.swift */ = {isa = PBXFileReference; lastKnownFileType = sourcecode.swift; path = ViewController.swift; sourceTree = "<group>"; };
		76205A96651003A57F86A61A /* XcodeGen-Demo.app */ = {isa = PBXFileReference; explicitFileType = wrapper.application; includeInIndex = 0; path = "XcodeGen-Demo.app"; sourceTree = BUILT_PRODUCTS_DIR; };
		786212ED84D4B949B4F8B92B /* Base */ = {isa = PBXFileReference; lastKnownFileType = file.storyboard; name = Base; path = Base.lproj/Main.storyboard; sourceTree = "<group>"; };
		BB406FFC73B4271911DCEBD4 /* Base */ = {isa = PBXFileReference; lastKnownFileType = file.storyboard; name = Base; path = Base.lproj/LaunchScreen.storyboard; sourceTree = "<group>"; };
		C083CF1921ED3F24E894B430 /* Assets.xcassets */ = {isa = PBXFileReference; lastKnownFileType = folder.assetcatalog; path = Assets.xcassets; sourceTree = "<group>"; };
/* End PBXFileReference section */

/* Begin PBXFrameworksBuildPhase section */
		98B75CFBC3DF4D279C6A962D /* Frameworks */ = {
			isa = PBXFrameworksBuildPhase;
			buildActionMask = 2147483647;
			files = (
				6AAFB54E9B921A1C9B565F95 /* Alamofire in Frameworks */,
			);
			runOnlyForDeploymentPostprocessing = 0;
		};
/* End PBXFrameworksBuildPhase section */

/* Begin PBXGroup section */
		5C74A6FA39B49D5AC5A8BD86 = {
			isa = PBXGroup;
			children = (
				A8EA141804754BEC79005F22 /* XcodeGen-Demo */,
				A130228FD4BD55EB4EFDDDD8 /* Products */,
			);
			sourceTree = "<group>";
		};
		A130228FD4BD55EB4EFDDDD8 /* Products */ = {
			isa = PBXGroup;
			children = (
				76205A96651003A57F86A61A /* XcodeGen-Demo.app */,
			);
			name = Products;
			sourceTree = "<group>";
		};
		A82C004593A50D70E5E0385C /* Application */ = {
			isa = PBXGroup;
			children = (
				4FECC7BC8CCDA06406762ADF /* AppDelegate.swift */,
				C083CF1921ED3F24E894B430 /* Assets.xcassets */,
				0A87547625C1408CF1ECF32E /* Info.plist */,
				EFB5E2EBCD7BFC05BD8D4611 /* LaunchScreen.storyboard */,
				56F8F155F9DC06E3E097E9B0 /* SceneDelegate.swift */,
			);
			path = Application;
			sourceTree = "<group>";
		};
		A8EA141804754BEC79005F22 /* XcodeGen-Demo */ = {
			isa = PBXGroup;
			children = (
				4035A09DE6F45FB449F3D8C4 /* Main.storyboard */,
				69FDFB2D2676BE31498E1AF1 /* ViewController.swift */,
				A82C004593A50D70E5E0385C /* Application */,
			);
			path = "XcodeGen-Demo";
			sourceTree = "<group>";
		};
/* End PBXGroup section */

/* Begin PBXNativeTarget section */
		D6BF86E2B68008E5BC7A077E /* XcodeGen-Demo */ = {
			isa = PBXNativeTarget;
			buildConfigurationList = 60C7E3793118AA2592179020 /* Build configuration list for PBXNativeTarget "XcodeGen-Demo" */;
			buildPhases = (
				8F5386CCC1984B4113B93F57 /* Sources */,
				D085FE3EE17A45786493CC92 /* Run SwiftLint */,
				F23B47CD51D480F5F42D54F2 /* Resources */,
				98B75CFBC3DF4D279C6A962D /* Frameworks */,
			);
			buildRules = (
			);
			dependencies = (
			);
			name = "XcodeGen-Demo";
			packageProductDependencies = (
				37030206393F4FBB695919F9 /* Alamofire */,
			);
			productName = "XcodeGen-Demo";
			productReference = 76205A96651003A57F86A61A /* XcodeGen-Demo.app */;
			productType = "com.apple.product-type.application";
		};
/* End PBXNativeTarget section */

/* Begin PBXProject section */
		63C3D6939023926B0BCE64AE /* Project object */ = {
			isa = PBXProject;
			attributes = {
				LastUpgradeCheck = 1020;
			};
			buildConfigurationList = 992EAC24A6BB1BF9DFD19BED /* Build configuration list for PBXProject "XcodeGen-Demo" */;
			compatibilityVersion = "Xcode 10.0";
			developmentRegion = ja;
			hasScannedForEncodings = 0;
			knownRegions = (
				ja,
				Base,
			);
			mainGroup = 5C74A6FA39B49D5AC5A8BD86;
			packageReferences = (
				0B96F414D9324811788D8046 /* XCRemoteSwiftPackageReference "Alamofire" */,
			);
			projectDirPath = "";
			projectRoot = "";
			targets = (
				D6BF86E2B68008E5BC7A077E /* XcodeGen-Demo */,
			);
		};
/* End PBXProject section */

/* Begin PBXResourcesBuildPhase section */
		F23B47CD51D480F5F42D54F2 /* Resources */ = {
			isa = PBXResourcesBuildPhase;
			buildActionMask = 2147483647;
			files = (
				81A69188187461F619DFCA91 /* Assets.xcassets in Resources */,
				D3C92555EEF336B21B0F689F /* LaunchScreen.storyboard in Resources */,
				0C9538D2AC0D632CDE0B460E /* Main.storyboard in Resources */,
			);
			runOnlyForDeploymentPostprocessing = 0;
		};
/* End PBXResourcesBuildPhase section */

/* Begin PBXShellScriptBuildPhase section */
		D085FE3EE17A45786493CC92 /* Run SwiftLint */ = {
			isa = PBXShellScriptBuildPhase;
			buildActionMask = 2147483647;
			files = (
			);
			inputFileListPaths = (
			);
			inputPaths = (
			);
			name = "Run SwiftLint";
			outputFileListPaths = (
			);
			outputPaths = (
			);
			runOnlyForDeploymentPostprocessing = 0;
			shellPath = /bin/sh;
			shellScript = "if which mint >/dev/null; then\n  xcrun --sdk macosx mint run swiftlint swiftlint autocorrect --format\n  xcrun --sdk macosx mint run swiftlint swiftlint\nelse\n  echo \"warning: Mint not installed, download from https://github.com/yonaskolb/Mint\"\nfi";
		};
/* End PBXShellScriptBuildPhase section */

/* Begin PBXSourcesBuildPhase section */
		8F5386CCC1984B4113B93F57 /* Sources */ = {
			isa = PBXSourcesBuildPhase;
			buildActionMask = 2147483647;
			files = (
				436D50CC07CE6434587F047D /* AppDelegate.swift in Sources */,
				AC5B3DC29F51793A673D237F /* SceneDelegate.swift in Sources */,
				A89815BEDD0A6B07A1512046 /* ViewController.swift in Sources */,
			);
			runOnlyForDeploymentPostprocessing = 0;
		};
/* End PBXSourcesBuildPhase section */

/* Begin PBXVariantGroup section */
		4035A09DE6F45FB449F3D8C4 /* Main.storyboard */ = {
			isa = PBXVariantGroup;
			children = (
				786212ED84D4B949B4F8B92B /* Base */,
			);
			name = Main.storyboard;
			sourceTree = "<group>";
		};
		EFB5E2EBCD7BFC05BD8D4611 /* LaunchScreen.storyboard */ = {
			isa = PBXVariantGroup;
			children = (
				BB406FFC73B4271911DCEBD4 /* Base */,
			);
			name = LaunchScreen.storyboard;
			sourceTree = "<group>";
		};
/* End PBXVariantGroup section */

/* Begin XCBuildConfiguration section */
		2B4E0FB549A7FC99AA80D1C9 /* Debug */ = {
			isa = XCBuildConfiguration;
			buildSettings = {
				ASSETCATALOG_COMPILER_APPICON_NAME = AppIcon;
				CODE_SIGN_IDENTITY = "iPhone Developer";
				DEVELOPMENT_LANGUAGE = jp;
				DEVELOPMENT_TEAM = PCCZJUYRT6;
				INFOPLIST_FILE = "XcodeGen-Demo/Application/Info.plist";
				LD_RUNPATH_SEARCH_PATHS = (
					"$(inherited)",
					"@executable_path/Frameworks",
				);
				PRODUCT_BUNDLE_IDENTIFIER = "com.kazua.XcodeGen-Demo";
				SDKROOT = iphoneos;
				TARGETED_DEVICE_FAMILY = "1,2";
			};
			name = Debug;
		};
		544EEA993E5CBB5127C4F055 /* Release */ = {
			isa = XCBuildConfiguration;
			buildSettings = {
				ALWAYS_SEARCH_USER_PATHS = NO;
				CLANG_ANALYZER_NONNULL = YES;
				CLANG_ANALYZER_NUMBER_OBJECT_CONVERSION = YES_AGGRESSIVE;
				CLANG_CXX_LANGUAGE_STANDARD = "gnu++14";
				CLANG_CXX_LIBRARY = "libc++";
				CLANG_ENABLE_MODULES = YES;
				CLANG_ENABLE_OBJC_ARC = YES;
				CLANG_WARN_BLOCK_CAPTURE_AUTORELEASING = YES;
				CLANG_WARN_BOOL_CONVERSION = YES;
				CLANG_WARN_COMMA = YES;
				CLANG_WARN_CONSTANT_CONVERSION = YES;
				CLANG_WARN_DEPRECATED_OBJC_IMPLEMENTATIONS = YES;
				CLANG_WARN_DIRECT_OBJC_ISA_USAGE = YES_ERROR;
				CLANG_WARN_DOCUMENTATION_COMMENTS = YES;
				CLANG_WARN_EMPTY_BODY = YES;
				CLANG_WARN_ENUM_CONVERSION = YES;
				CLANG_WARN_INFINITE_RECURSION = YES;
				CLANG_WARN_INT_CONVERSION = YES;
				CLANG_WARN_NON_LITERAL_NULL_CONVERSION = YES;
				CLANG_WARN_OBJC_IMPLICIT_RETAIN_SELF = YES;
				CLANG_WARN_OBJC_LITERAL_CONVERSION = YES;
				CLANG_WARN_OBJC_ROOT_CLASS = YES_ERROR;
				CLANG_WARN_RANGE_LOOP_ANALYSIS = YES;
				CLANG_WARN_STRICT_PROTOTYPES = YES;
				CLANG_WARN_SUSPICIOUS_MOVE = YES;
				CLANG_WARN_UNGUARDED_AVAILABILITY = YES_AGGRESSIVE;
				CLANG_WARN_UNREACHABLE_CODE = YES;
				CLANG_WARN__DUPLICATE_METHOD_MATCH = YES;
				COPY_PHASE_STRIP = NO;
				CURRENT_PROJECT_VERSION = 1;
				DEBUG_INFORMATION_FORMAT = "dwarf-with-dsym";
				ENABLE_NS_ASSERTIONS = NO;
				ENABLE_STRICT_OBJC_MSGSEND = YES;
				GCC_C_LANGUAGE_STANDARD = gnu11;
				GCC_NO_COMMON_BLOCKS = YES;
				GCC_WARN_64_TO_32_BIT_CONVERSION = YES;
				GCC_WARN_ABOUT_RETURN_TYPE = YES_ERROR;
				GCC_WARN_UNDECLARED_SELECTOR = YES;
				GCC_WARN_UNINITIALIZED_AUTOS = YES_AGGRESSIVE;
				GCC_WARN_UNUSED_FUNCTION = YES;
				GCC_WARN_UNUSED_VARIABLE = YES;
				IPHONEOS_DEPLOYMENT_TARGET = 13.0;
				MARKETING_VERSION = 1.0.0;
				PRODUCT_NAME = "$(TARGET_NAME)";
				SDKROOT = iphoneos;
				SWIFT_COMPILATION_MODE = wholemodule;
				SWIFT_VERSION = 5.0;
				VALIDATE_PRODUCT = YES;
			};
			name = Release;
		};
		A5854E81E02BF2D836C1347A /* Release */ = {
			isa = XCBuildConfiguration;
			buildSettings = {
				ASSETCATALOG_COMPILER_APPICON_NAME = AppIcon;
				CODE_SIGN_IDENTITY = "iPhone Developer";
				DEVELOPMENT_LANGUAGE = jp;
				DEVELOPMENT_TEAM = PCCZJUYRT6;
				INFOPLIST_FILE = "XcodeGen-Demo/Application/Info.plist";
				LD_RUNPATH_SEARCH_PATHS = (
					"$(inherited)",
					"@executable_path/Frameworks",
				);
				PRODUCT_BUNDLE_IDENTIFIER = "com.kazua.XcodeGen-Demo";
				SDKROOT = iphoneos;
				TARGETED_DEVICE_FAMILY = "1,2";
			};
			name = Release;
		};
		C28DB6FF18EBF24B34B563E3 /* Debug */ = {
			isa = XCBuildConfiguration;
			buildSettings = {
				ALWAYS_SEARCH_USER_PATHS = NO;
				CLANG_ANALYZER_NONNULL = YES;
				CLANG_ANALYZER_NUMBER_OBJECT_CONVERSION = YES_AGGRESSIVE;
				CLANG_CXX_LANGUAGE_STANDARD = "gnu++14";
				CLANG_CXX_LIBRARY = "libc++";
				CLANG_ENABLE_MODULES = YES;
				CLANG_ENABLE_OBJC_ARC = YES;
				CLANG_WARN_BLOCK_CAPTURE_AUTORELEASING = YES;
				CLANG_WARN_BOOL_CONVERSION = YES;
				CLANG_WARN_COMMA = YES;
				CLANG_WARN_CONSTANT_CONVERSION = YES;
				CLANG_WARN_DEPRECATED_OBJC_IMPLEMENTATIONS = YES;
				CLANG_WARN_DIRECT_OBJC_ISA_USAGE = YES_ERROR;
				CLANG_WARN_DOCUMENTATION_COMMENTS = YES;
				CLANG_WARN_EMPTY_BODY = YES;
				CLANG_WARN_ENUM_CONVERSION = YES;
				CLANG_WARN_INFINITE_RECURSION = YES;
				CLANG_WARN_INT_CONVERSION = YES;
				CLANG_WARN_NON_LITERAL_NULL_CONVERSION = YES;
				CLANG_WARN_OBJC_IMPLICIT_RETAIN_SELF = YES;
				CLANG_WARN_OBJC_LITERAL_CONVERSION = YES;
				CLANG_WARN_OBJC_ROOT_CLASS = YES_ERROR;
				CLANG_WARN_RANGE_LOOP_ANALYSIS = YES;
				CLANG_WARN_STRICT_PROTOTYPES = YES;
				CLANG_WARN_SUSPICIOUS_MOVE = YES;
				CLANG_WARN_UNGUARDED_AVAILABILITY = YES_AGGRESSIVE;
				CLANG_WARN_UNREACHABLE_CODE = YES;
				CLANG_WARN__DUPLICATE_METHOD_MATCH = YES;
				COPY_PHASE_STRIP = NO;
				CURRENT_PROJECT_VERSION = 1;
				DEBUG_INFORMATION_FORMAT = dwarf;
				ENABLE_STRICT_OBJC_MSGSEND = YES;
				ENABLE_TESTABILITY = YES;
				GCC_C_LANGUAGE_STANDARD = gnu11;
				GCC_DYNAMIC_NO_PIC = NO;
				GCC_NO_COMMON_BLOCKS = YES;
				GCC_OPTIMIZATION_LEVEL = 0;
				GCC_PREPROCESSOR_DEFINITIONS = (
					"$(inherited)",
					"DEBUG=1",
				);
				GCC_WARN_64_TO_32_BIT_CONVERSION = YES;
				GCC_WARN_ABOUT_RETURN_TYPE = YES_ERROR;
				GCC_WARN_UNDECLARED_SELECTOR = YES;
				GCC_WARN_UNINITIALIZED_AUTOS = YES_AGGRESSIVE;
				GCC_WARN_UNUSED_FUNCTION = YES;
				GCC_WARN_UNUSED_VARIABLE = YES;
				IPHONEOS_DEPLOYMENT_TARGET = 13.0;
				MARKETING_VERSION = 1.0.0;
				MTL_ENABLE_DEBUG_INFO = YES;
				ONLY_ACTIVE_ARCH = YES;
				PRODUCT_NAME = "$(TARGET_NAME)";
				SDKROOT = iphoneos;
				SWIFT_ACTIVE_COMPILATION_CONDITIONS = DEBUG;
				SWIFT_OPTIMIZATION_LEVEL = "-Onone";
				SWIFT_VERSION = 5.0;
			};
			name = Debug;
		};
/* End XCBuildConfiguration section */

/* Begin XCConfigurationList section */
		60C7E3793118AA2592179020 /* Build configuration list for PBXNativeTarget "XcodeGen-Demo" */ = {
			isa = XCConfigurationList;
			buildConfigurations = (
				2B4E0FB549A7FC99AA80D1C9 /* Debug */,
				A5854E81E02BF2D836C1347A /* Release */,
			);
			defaultConfigurationIsVisible = 0;
			defaultConfigurationName = "";
		};
		992EAC24A6BB1BF9DFD19BED /* Build configuration list for PBXProject "XcodeGen-Demo" */ = {
			isa = XCConfigurationList;
			buildConfigurations = (
				C28DB6FF18EBF24B34B563E3 /* Debug */,
				544EEA993E5CBB5127C4F055 /* Release */,
			);
			defaultConfigurationIsVisible = 0;
			defaultConfigurationName = Debug;
		};
/* End XCConfigurationList section */

/* Begin XCRemoteSwiftPackageReference section */
		0B96F414D9324811788D8046 /* XCRemoteSwiftPackageReference "Alamofire" */ = {
			isa = XCRemoteSwiftPackageReference;
			repositoryURL = "https://github.com/Alamofire/Alamofire.git";
			requirement = {
				kind = exactVersion;
				version = 5.4.0;
			};
		};
/* End XCRemoteSwiftPackageReference section */

/* Begin XCSwiftPackageProductDependency section */
		37030206393F4FBB695919F9 /* Alamofire */ = {
			isa = XCSwiftPackageProductDependency;
			package = 0B96F414D9324811788D8046 /* XCRemoteSwiftPackageReference "Alamofire" */;
			productName = Alamofire;
		};
/* End XCSwiftPackageProductDependency section */
	};
	rootObject = 63C3D6939023926B0BCE64AE /* Project object */;
}
